
Microsoft Visual Studio Solution File, Format Version 12.00
# Visual Studio Version 17
VisualStudioVersion = 17.3.32929.385
MinimumVisualStudioVersion = 10.0.40219.1
Project("{FAE04EC0-301F-11D3-BF4B-00C04F79EFBC}") = "select_you_name", "select_you_name\select_you_name.csproj", "{8F389FEA-EE35-4248-921A-A43F2075A595}"
EndProject
Global
	GlobalSection(SolutionConfigurationPlatforms) = preSolution
		Debug|Any CPU = Debug|Any CPU
		Release|Any CPU = Release|Any CPU
	EndGlobalSection
	GlobalSection(ProjectConfigurationPlatforms) = postSolution
		{8F389FEA-EE35-4248-921A-A43F2075A595}.Debug|Any CPU.ActiveCfg = Debug|Any CPU
		{8F389FEA-EE35-4248-921A-A43F2075A595}.Debug|Any CPU.Build.0 = Debug|Any CPU
		{8F389FEA-EE35-4248-921A-A43F2075A595}.Release|Any CPU.ActiveCfg = Release|Any CPU
		{8F389FEA-EE35-4248-921A-A43F2075A595}.Release|Any CPU.Build.0 = Release|Any CPU
	EndGlobalSection
	GlobalSection(SolutionProperties) = preSolution
		HideSolutionNode = FALSE
	EndGlobalSection
	GlobalSection(ExtensibilityGlobals) = postSolution
		SolutionGuid = {68E25A5A-C064-4D06-AF39-C81F12D115F0}
	EndGlobalSection
EndGlobal
