
Microsoft Visual Studio Solution File, Format Version 12.00
# Visual Studio Version 17
VisualStudioVersion = 17.4.33110.190
MinimumVisualStudioVersion = 10.0.40219.1
Project("{FAE04EC0-301F-11D3-BF4B-00C04F79EFBC}") = "Using_ForLoop", "Using_ForLoop\Using_ForLoop.csproj", "{DE4A0F36-F81B-41FD-845E-0FF4373A7B00}"
EndProject
Global
	GlobalSection(SolutionConfigurationPlatforms) = preSolution
		Debug|Any CPU = Debug|Any CPU
		Release|Any CPU = Release|Any CPU
	EndGlobalSection
	GlobalSection(ProjectConfigurationPlatforms) = postSolution
		{DE4A0F36-F81B-41FD-845E-0FF4373A7B00}.Debug|Any CPU.ActiveCfg = Debug|Any CPU
		{DE4A0F36-F81B-41FD-845E-0FF4373A7B00}.Debug|Any CPU.Build.0 = Debug|Any CPU
		{DE4A0F36-F81B-41FD-845E-0FF4373A7B00}.Release|Any CPU.ActiveCfg = Release|Any CPU
		{DE4A0F36-F81B-41FD-845E-0FF4373A7B00}.Release|Any CPU.Build.0 = Release|Any CPU
	EndGlobalSection
	GlobalSection(SolutionProperties) = preSolution
		HideSolutionNode = FALSE
	EndGlobalSection
	GlobalSection(ExtensibilityGlobals) = postSolution
		SolutionGuid = {F6228D6F-D549-4FFF-861D-AD9582F6F7FD}
	EndGlobalSection
EndGlobal
