
Microsoft Visual Studio Solution File, Format Version 12.00
# Visual Studio Version 17
VisualStudioVersion = 17.3.32929.385
MinimumVisualStudioVersion = 10.0.40219.1
Project("{FAE04EC0-301F-11D3-BF4B-00C04F79EFBC}") = "ConsoleApp1", "ConsoleApp1\ConsoleApp1.csproj", "{F8392745-AA2B-4952-90D3-20E30D9528B7}"
EndProject
Global
	GlobalSection(SolutionConfigurationPlatforms) = preSolution
		Debug|Any CPU = Debug|Any CPU
		Release|Any CPU = Release|Any CPU
	EndGlobalSection
	GlobalSection(ProjectConfigurationPlatforms) = postSolution
		{F8392745-AA2B-4952-90D3-20E30D9528B7}.Debug|Any CPU.ActiveCfg = Debug|Any CPU
		{F8392745-AA2B-4952-90D3-20E30D9528B7}.Debug|Any CPU.Build.0 = Debug|Any CPU
		{F8392745-AA2B-4952-90D3-20E30D9528B7}.Release|Any CPU.ActiveCfg = Release|Any CPU
		{F8392745-AA2B-4952-90D3-20E30D9528B7}.Release|Any CPU.Build.0 = Release|Any CPU
	EndGlobalSection
	GlobalSection(SolutionProperties) = preSolution
		HideSolutionNode = FALSE
	EndGlobalSection
	GlobalSection(ExtensibilityGlobals) = postSolution
		SolutionGuid = {D4615426-2439-44FB-B4E8-1045E51F8B9A}
	EndGlobalSection
EndGlobal
