
Microsoft Visual Studio Solution File, Format Version 12.00
# Visual Studio Version 17
VisualStudioVersion = 17.4.33110.190
MinimumVisualStudioVersion = 10.0.40219.1
Project("{FAE04EC0-301F-11D3-BF4B-00C04F79EFBC}") = "Using_ForLoop2", "Using_ForLoop2\Using_ForLoop2.csproj", "{B8F40EFB-AFF6-4029-8CE6-BDBB7A3EA091}"
EndProject
Global
	GlobalSection(SolutionConfigurationPlatforms) = preSolution
		Debug|Any CPU = Debug|Any CPU
		Release|Any CPU = Release|Any CPU
	EndGlobalSection
	GlobalSection(ProjectConfigurationPlatforms) = postSolution
		{B8F40EFB-AFF6-4029-8CE6-BDBB7A3EA091}.Debug|Any CPU.ActiveCfg = Debug|Any CPU
		{B8F40EFB-AFF6-4029-8CE6-BDBB7A3EA091}.Debug|Any CPU.Build.0 = Debug|Any CPU
		{B8F40EFB-AFF6-4029-8CE6-BDBB7A3EA091}.Release|Any CPU.ActiveCfg = Release|Any CPU
		{B8F40EFB-AFF6-4029-8CE6-BDBB7A3EA091}.Release|Any CPU.Build.0 = Release|Any CPU
	EndGlobalSection
	GlobalSection(SolutionProperties) = preSolution
		HideSolutionNode = FALSE
	EndGlobalSection
	GlobalSection(ExtensibilityGlobals) = postSolution
		SolutionGuid = {B0091AE2-97F4-40ED-B2F5-C6B1B37B20F0}
	EndGlobalSection
EndGlobal
